
Microsoft Visual Studio Solution File, Format Version 12.00
# Visual Studio 15
VisualStudioVersion = 15.0.27428.1
MinimumVisualStudioVersion = 10.0.40219.1
Project("{F2A71F9B-5D33-465A-A702-920D77279786}") = "FSharpWebCollector", "FSharpWebCollector\FSharpWebCollector.fsproj", "{D4BF9467-572E-478B-8C81-B86B638C10EF}"
EndProject
Global
	GlobalSection(SolutionConfigurationPlatforms) = preSolution
		Debug|Any CPU = Debug|Any CPU
		Release|Any CPU = Release|Any CPU
	EndGlobalSection
	GlobalSection(ProjectConfigurationPlatforms) = postSolution
		{D4BF9467-572E-478B-8C81-B86B638C10EF}.Debug|Any CPU.ActiveCfg = Debug|Any CPU
		{D4BF9467-572E-478B-8C81-B86B638C10EF}.Debug|Any CPU.Build.0 = Debug|Any CPU
		{D4BF9467-572E-478B-8C81-B86B638C10EF}.Release|Any CPU.ActiveCfg = Release|Any CPU
		{D4BF9467-572E-478B-8C81-B86B638C10EF}.Release|Any CPU.Build.0 = Release|Any CPU
	EndGlobalSection
	GlobalSection(SolutionProperties) = preSolution
		HideSolutionNode = FALSE
	EndGlobalSection
	GlobalSection(ExtensibilityGlobals) = postSolution
		SolutionGuid = {B1BD25AF-2212-4DEB-B0DE-A8D1DFC35E2F}
	EndGlobalSection
EndGlobal
